<?xml version="1.0" encoding="utf-8"?>
<Project ToolsVersion="4.0" xmlns="http://schemas.microsoft.com/developer/msbuild/2003">
  <ItemGroup>
    <Filter Include="GUI">
      <UniqueIdentifier>{59542b65-5563-423d-b863-7cd8de4dde58}</UniqueIdentifier>
    </Filter>
    <Filter Include="Modules">
      <UniqueIdentifier>{5c014bd4-e5a3-48a4-a03a-33489be69707}</UniqueIdentifier>
    </Filter>
    <Filter Include="Main">
      <UniqueIdentifier>{0d65a097-2c70-42e2-9740-c1644059dce0}</UniqueIdentifier>
    </Filter>
    <Filter Include="Utility">
      <UniqueIdentifier>{826e0691-1afd-4758-9647-82ce03a295bd}</UniqueIdentifier>
    </Filter>
    <Filter Include="Tools">
      <UniqueIdentifier>{e79988bf-1491-44bd-9d10-38ea04439a2f}</UniqueIdentifier>
    </Filter>
    <Filter Include="Tools\PugiXML">
      <UniqueIdentifier>{60a92fb1-12af-440d-badc-31c5bf9cc9c2}</UniqueIdentifier>
    </Filter>
    <Filter Include="Modules\Scenes">
      <UniqueIdentifier>{ad9c29ee-c754-44a0-ae5c-fc5cf5230b0d}</UniqueIdentifier>
    </Filter>
  </ItemGroup>
  <ItemGroup>
    <ClCompile Include="GUIAutoLabel.cpp">
      <Filter>GUI</Filter>
    </ClCompile>
    <ClCompile Include="GUIButton.cpp">
      <Filter>GUI</Filter>
    </ClCompile>
    <ClCompile Include="GUIElement.cpp">
      <Filter>GUI</Filter>
    </ClCompile>
    <ClCompile Include="GUIImage.cpp">
      <Filter>GUI</Filter>
    </ClCompile>
    <ClCompile Include="GUIInputText.cpp">
      <Filter>GUI</Filter>
    </ClCompile>
    <ClCompile Include="GUILabel.cpp">
      <Filter>GUI</Filter>
    </ClCompile>
    <ClCompile Include="GUIMouse.cpp">
      <Filter>GUI</Filter>
    </ClCompile>
    <ClCompile Include="M_Audio.cpp">
      <Filter>Modules</Filter>
    </ClCompile>
    <ClCompile Include="M_FileSystem.cpp">
      <Filter>Modules</Filter>
    </ClCompile>
    <ClCompile Include="M_Fonts.cpp">
      <Filter>Modules</Filter>
    </ClCompile>
    <ClCompile Include="M_GUI.cpp">
      <Filter>Modules</Filter>
    </ClCompile>
    <ClCompile Include="M_Input.cpp">
      <Filter>Modules</Filter>
    </ClCompile>
    <ClCompile Include="M_Render.cpp">
      <Filter>Modules</Filter>
    </ClCompile>
    <ClCompile Include="M_Textures.cpp">
      <Filter>Modules</Filter>
    </ClCompile>
    <ClCompile Include="M_Window.cpp">
      <Filter>Modules</Filter>
    </ClCompile>
    <ClCompile Include="App.cpp">
      <Filter>Main</Filter>
    </ClCompile>
    <ClCompile Include="Main.cpp">
      <Filter>Main</Filter>
    </ClCompile>
    <ClCompile Include="Defs.cpp">
      <Filter>Utility</Filter>
    </ClCompile>
    <ClCompile Include="Log.cpp">
      <Filter>Utility</Filter>
    </ClCompile>
    <ClCompile Include="GB_Rectangle.cpp">
      <Filter>Tools</Filter>
    </ClCompile>
    <ClCompile Include="j1PerfTimer.cpp">
      <Filter>Tools</Filter>
    </ClCompile>
    <ClCompile Include="j1Timer.cpp">
      <Filter>Tools</Filter>
    </ClCompile>
    <ClCompile Include="PugiXml\src\pugixml.cpp">
      <Filter>Tools\PugiXML</Filter>
    </ClCompile>
    <ClCompile Include="M_Scene.cpp">
      <Filter>Modules\Scenes</Filter>
    </ClCompile>
    <ClCompile Include="Bezier.cpp" />
  </ItemGroup>
  <ItemGroup>
    <ClInclude Include="GUIAutoLabel.h">
      <Filter>GUI</Filter>
    </ClInclude>
    <ClInclude Include="GUIButton.h">
      <Filter>GUI</Filter>
    </ClInclude>
    <ClInclude Include="GUIElement.h">
      <Filter>GUI</Filter>
    </ClInclude>
    <ClInclude Include="GUIImage.h">
      <Filter>GUI</Filter>
    </ClInclude>
    <ClInclude Include="GUIInputText.h">
      <Filter>GUI</Filter>
    </ClInclude>
    <ClInclude Include="GUILabel.h">
      <Filter>GUI</Filter>
    </ClInclude>
    <ClInclude Include="GUIMouse.h">
      <Filter>GUI</Filter>
    </ClInclude>
    <ClInclude Include="M_Audio.h">
      <Filter>Modules</Filter>
    </ClInclude>
    <ClInclude Include="M_FileSystem.h">
      <Filter>Modules</Filter>
    </ClInclude>
    <ClInclude Include="M_Fonts.h">
      <Filter>Modules</Filter>
    </ClInclude>
    <ClInclude Include="M_GUI.h">
      <Filter>Modules</Filter>
    </ClInclude>
    <ClInclude Include="M_Input.h">
      <Filter>Modules</Filter>
    </ClInclude>
    <ClInclude Include="M_Render.h">
      <Filter>Modules</Filter>
    </ClInclude>
    <ClInclude Include="M_Textures.h">
      <Filter>Modules</Filter>
    </ClInclude>
    <ClInclude Include="M_Window.h">
      <Filter>Modules</Filter>
    </ClInclude>
    <ClInclude Include="Module.h">
      <Filter>Modules</Filter>
    </ClInclude>
    <ClInclude Include="App.h">
      <Filter>Main</Filter>
    </ClInclude>
    <ClInclude Include="Defs.h">
      <Filter>Utility</Filter>
    </ClInclude>
    <ClInclude Include="Log.h">
      <Filter>Utility</Filter>
    </ClInclude>
    <ClInclude Include="p2Point.h">
      <Filter>Utility</Filter>
    </ClInclude>
    <ClInclude Include="GB_Rectangle.h">
      <Filter>Tools</Filter>
    </ClInclude>
    <ClInclude Include="j1PerfTimer.h">
      <Filter>Tools</Filter>
    </ClInclude>
    <ClInclude Include="j1Timer.h">
      <Filter>Tools</Filter>
    </ClInclude>
    <ClInclude Include="PugiXml\src\pugiconfig.hpp">
      <Filter>Tools\PugiXML</Filter>
    </ClInclude>
    <ClInclude Include="PugiXml\src\pugixml.hpp">
      <Filter>Tools\PugiXML</Filter>
    </ClInclude>
    <ClInclude Include="M_Scene.h">
      <Filter>Modules\Scenes</Filter>
    </ClInclude>
    <ClInclude Include="Bezier.h" />
  </ItemGroup>
</Project>